dependencies:
- name: traefik
  repository: https://traefik.github.io/charts
  version: 39.0.4
- name: redis
  repository: https://charts.bitnami.com/bitnami
  version: 20.11.3
- name: chromadb
  repository: https://amikos-tech.github.io/chromadb-chart/
  version: 0.1.22
digest: sha256:673adedc77a247cfc88149bab10119f081697c7675e9c8df3a01f322d5032d6a
generated: "2026-04-14T10:55:47.803303+02:00"
